
Microsoft Visual Studio Solution File, Format Version 12.00
# Visual Studio Version 17
VisualStudioVersion = 17.4.33205.214
MinimumVisualStudioVersion = 10.0.40219.1
Project("{FAE04EC0-301F-11D3-BF4B-00C04F79EFBC}") = "CatalogDesktop", "CatalogDesktop\CatalogDesktop.csproj", "{5CC4EB43-3115-440F-B96F-9F78294F466E}"
EndProject
Global
	GlobalSection(SolutionConfigurationPlatforms) = preSolution
		Debug|Any CPU = Debug|Any CPU
		Release|Any CPU = Release|Any CPU
	EndGlobalSection
	GlobalSection(ProjectConfigurationPlatforms) = postSolution
		{5CC4EB43-3115-440F-B96F-9F78294F466E}.Debug|Any CPU.ActiveCfg = Debug|Any CPU
		{5CC4EB43-3115-440F-B96F-9F78294F466E}.Debug|Any CPU.Build.0 = Debug|Any CPU
		{5CC4EB43-3115-440F-B96F-9F78294F466E}.Release|Any CPU.ActiveCfg = Release|Any CPU
		{5CC4EB43-3115-440F-B96F-9F78294F466E}.Release|Any CPU.Build.0 = Release|Any CPU
	EndGlobalSection
	GlobalSection(SolutionProperties) = preSolution
		HideSolutionNode = FALSE
	EndGlobalSection
	GlobalSection(ExtensibilityGlobals) = postSolution
		SolutionGuid = {AE6B1684-D8BE-471F-99B1-635D54981F68}
	EndGlobalSection
EndGlobal
